
Microsoft Visual Studio Solution File, Format Version 12.00
# Visual Studio Version 17
VisualStudioVersion = 17.9.34622.214
MinimumVisualStudioVersion = 10.0.40219.1
Project("{9A19103F-16F7-4668-BE54-9A1E7A4F7556}") = "BlazorShop.Web", "src\BlazorShop.Web\BlazorShop.Web.csproj", "{047DFCBD-711B-4091-AB57-A38748AFB21F}"
EndProject
Project("{9A19103F-16F7-4668-BE54-9A1E7A4F7556}") = "BlazorShop.Api", "src\BlazorShop.Api\BlazorShop.Api.csproj", "{C723660F-75B0-42FA-9A5C-FDDD64F5CC29}"
EndProject
Project("{2150E333-8FDC-42A3-9474-1A3956D46DE8}") = "01 - Tests", "01 - Tests", "{0CE85838-C907-497D-A574-9998884C5FE3}"
EndProject
Project("{2150E333-8FDC-42A3-9474-1A3956D46DE8}") = "02 - Presentation", "02 - Presentation", "{A5BB8BAA-682D-4A25-B92E-9DE6407145EF}"
EndProject
Project("{2150E333-8FDC-42A3-9474-1A3956D46DE8}") = "03 - Services", "03 - Services", "{A3F13739-99C3-415E-8938-5295B0215411}"
EndProject
Project("{2150E333-8FDC-42A3-9474-1A3956D46DE8}") = "04 - Domain", "04 - Domain", "{048B982B-5DB9-4D60-A635-39C40EE2249E}"
EndProject
Project("{9A19103F-16F7-4668-BE54-9A1E7A4F7556}") = "BlazorShop.Service", "src\BlazorShop.Service\BlazorShop.Service.csproj", "{D9098028-AEAA-4D69-AAC6-663D7773F794}"
EndProject
Project("{9A19103F-16F7-4668-BE54-9A1E7A4F7556}") = "BlazorShop.Domain", "src\BlazorShop.Domain\BlazorShop.Domain.csproj", "{69544356-0824-4947-AA97-4820F35C3849}"
EndProject
Project("{2150E333-8FDC-42A3-9474-1A3956D46DE8}") = "05 - Infra", "05 - Infra", "{B4AE0883-B356-4249-9371-A690EB48946A}"
EndProject
Project("{2150E333-8FDC-42A3-9474-1A3956D46DE8}") = "05.01 - Data", "05.01 - Data", "{D90DDFB3-5F51-4F8C-94E3-759CA1BE385C}"
EndProject
Project("{9A19103F-16F7-4668-BE54-9A1E7A4F7556}") = "BlazorShop.Infra.Data", "src\BlazorShop.Infra.Data\BlazorShop.Infra.Data.csproj", "{AD65EE50-4BE2-4AA1-8064-B4D0A3259887}"
EndProject
Project("{2150E333-8FDC-42A3-9474-1A3956D46DE8}") = "05.02 - Database", "05.02 - Database", "{72CF6535-4B6D-4EB6-B176-ABFB86FA0A8F}"
EndProject
Project("{9A19103F-16F7-4668-BE54-9A1E7A4F7556}") = "BlazorShop.Infra.Database", "src\BlazorShop.Infra.Database\BlazorShop.Infra.Database.csproj", "{B0FEDCAB-5DC0-4338-80BE-883A513C511A}"
EndProject
Project("{2150E333-8FDC-42A3-9474-1A3956D46DE8}") = "06 - CrossCutting", "06 - CrossCutting", "{5EEBE934-6D1E-4BC7-B78E-61B56E467A72}"
EndProject
Project("{2150E333-8FDC-42A3-9474-1A3956D46DE8}") = "06.01 - Auth", "06.01 - Auth", "{7E0E3150-1DC6-4704-8F65-364CF62FA67E}"
EndProject
Project("{2150E333-8FDC-42A3-9474-1A3956D46DE8}") = "06.02 - Swagger", "06.02 - Swagger", "{2C1B2D48-8206-4238-A918-B24D9A842875}"
EndProject
Project("{9A19103F-16F7-4668-BE54-9A1E7A4F7556}") = "BlazorShop.CrossCutting.Swagger", "src\BalzorShop.CrossCutting.Swagger\BlazorShop.CrossCutting.Swagger.csproj", "{6EE59117-729B-4EDF-A41E-CA31A02F9609}"
EndProject
Project("{2150E333-8FDC-42A3-9474-1A3956D46DE8}") = "06.03 - Iot", "06.03 - Iot", "{A8CF226D-EDB5-4A42-A888-749FE1748759}"
EndProject
Project("{9A19103F-16F7-4668-BE54-9A1E7A4F7556}") = "BlazorShop.CrossCutting.Iot", "src\BlazorShop.CrossCutting.Iot\BlazorShop.CrossCutting.Iot.csproj", "{0311638F-CBC6-4363-B398-D5534F59FD81}"
EndProject
Project("{2150E333-8FDC-42A3-9474-1A3956D46DE8}") = "06.04 - Util", "06.04 - Util", "{150A2941-6E85-422F-B093-E0F00E315843}"
EndProject
Project("{9A19103F-16F7-4668-BE54-9A1E7A4F7556}") = "BlazorShop.CrossCuttin.Util", "src\BlazorShop.CrossCuttin.Util\BlazorShop.CrossCuttin.Util.csproj", "{5EE659E2-9B9F-453F-8690-7244D6781155}"
EndProject
Project("{9A19103F-16F7-4668-BE54-9A1E7A4F7556}") = "BlazorShop.CrossCutting.Auth", "src\BlazorShop.CrossCutting.Auth\BlazorShop.CrossCutting.Auth.csproj", "{5362F19C-26DC-4C0D-80F4-52FD497F7659}"
EndProject
Project("{FAE04EC0-301F-11D3-BF4B-00C04F79EFBC}") = "BlazorShop.ServiceWeb", "src\BlazorShop.ServiceWeb\BlazorShop.ServiceWeb.csproj", "{249044B8-8104-49AC-BD4A-E4902D0FE3F2}"
EndProject
Global
	GlobalSection(SolutionConfigurationPlatforms) = preSolution
		Debug|Any CPU = Debug|Any CPU
		Release|Any CPU = Release|Any CPU
	EndGlobalSection
	GlobalSection(ProjectConfigurationPlatforms) = postSolution
		{047DFCBD-711B-4091-AB57-A38748AFB21F}.Debug|Any CPU.ActiveCfg = Debug|Any CPU
		{047DFCBD-711B-4091-AB57-A38748AFB21F}.Debug|Any CPU.Build.0 = Debug|Any CPU
		{047DFCBD-711B-4091-AB57-A38748AFB21F}.Release|Any CPU.ActiveCfg = Release|Any CPU
		{047DFCBD-711B-4091-AB57-A38748AFB21F}.Release|Any CPU.Build.0 = Release|Any CPU
		{C723660F-75B0-42FA-9A5C-FDDD64F5CC29}.Debug|Any CPU.ActiveCfg = Debug|Any CPU
		{C723660F-75B0-42FA-9A5C-FDDD64F5CC29}.Debug|Any CPU.Build.0 = Debug|Any CPU
		{C723660F-75B0-42FA-9A5C-FDDD64F5CC29}.Release|Any CPU.ActiveCfg = Release|Any CPU
		{C723660F-75B0-42FA-9A5C-FDDD64F5CC29}.Release|Any CPU.Build.0 = Release|Any CPU
		{D9098028-AEAA-4D69-AAC6-663D7773F794}.Debug|Any CPU.ActiveCfg = Debug|Any CPU
		{D9098028-AEAA-4D69-AAC6-663D7773F794}.Debug|Any CPU.Build.0 = Debug|Any CPU
		{D9098028-AEAA-4D69-AAC6-663D7773F794}.Release|Any CPU.ActiveCfg = Release|Any CPU
		{D9098028-AEAA-4D69-AAC6-663D7773F794}.Release|Any CPU.Build.0 = Release|Any CPU
		{69544356-0824-4947-AA97-4820F35C3849}.Debug|Any CPU.ActiveCfg = Debug|Any CPU
		{69544356-0824-4947-AA97-4820F35C3849}.Debug|Any CPU.Build.0 = Debug|Any CPU
		{69544356-0824-4947-AA97-4820F35C3849}.Release|Any CPU.ActiveCfg = Release|Any CPU
		{69544356-0824-4947-AA97-4820F35C3849}.Release|Any CPU.Build.0 = Release|Any CPU
		{AD65EE50-4BE2-4AA1-8064-B4D0A3259887}.Debug|Any CPU.ActiveCfg = Debug|Any CPU
		{AD65EE50-4BE2-4AA1-8064-B4D0A3259887}.Debug|Any CPU.Build.0 = Debug|Any CPU
		{AD65EE50-4BE2-4AA1-8064-B4D0A3259887}.Release|Any CPU.ActiveCfg = Release|Any CPU
		{AD65EE50-4BE2-4AA1-8064-B4D0A3259887}.Release|Any CPU.Build.0 = Release|Any CPU
		{B0FEDCAB-5DC0-4338-80BE-883A513C511A}.Debug|Any CPU.ActiveCfg = Debug|Any CPU
		{B0FEDCAB-5DC0-4338-80BE-883A513C511A}.Debug|Any CPU.Build.0 = Debug|Any CPU
		{B0FEDCAB-5DC0-4338-80BE-883A513C511A}.Release|Any CPU.ActiveCfg = Release|Any CPU
		{B0FEDCAB-5DC0-4338-80BE-883A513C511A}.Release|Any CPU.Build.0 = Release|Any CPU
		{6EE59117-729B-4EDF-A41E-CA31A02F9609}.Debug|Any CPU.ActiveCfg = Debug|Any CPU
		{6EE59117-729B-4EDF-A41E-CA31A02F9609}.Debug|Any CPU.Build.0 = Debug|Any CPU
		{6EE59117-729B-4EDF-A41E-CA31A02F9609}.Release|Any CPU.ActiveCfg = Release|Any CPU
		{6EE59117-729B-4EDF-A41E-CA31A02F9609}.Release|Any CPU.Build.0 = Release|Any CPU
		{0311638F-CBC6-4363-B398-D5534F59FD81}.Debug|Any CPU.ActiveCfg = Debug|Any CPU
		{0311638F-CBC6-4363-B398-D5534F59FD81}.Debug|Any CPU.Build.0 = Debug|Any CPU
		{0311638F-CBC6-4363-B398-D5534F59FD81}.Release|Any CPU.ActiveCfg = Release|Any CPU
		{0311638F-CBC6-4363-B398-D5534F59FD81}.Release|Any CPU.Build.0 = Release|Any CPU
		{5EE659E2-9B9F-453F-8690-7244D6781155}.Debug|Any CPU.ActiveCfg = Debug|Any CPU
		{5EE659E2-9B9F-453F-8690-7244D6781155}.Debug|Any CPU.Build.0 = Debug|Any CPU
		{5EE659E2-9B9F-453F-8690-7244D6781155}.Release|Any CPU.ActiveCfg = Release|Any CPU
		{5EE659E2-9B9F-453F-8690-7244D6781155}.Release|Any CPU.Build.0 = Release|Any CPU
		{5362F19C-26DC-4C0D-80F4-52FD497F7659}.Debug|Any CPU.ActiveCfg = Debug|Any CPU
		{5362F19C-26DC-4C0D-80F4-52FD497F7659}.Debug|Any CPU.Build.0 = Debug|Any CPU
		{5362F19C-26DC-4C0D-80F4-52FD497F7659}.Release|Any CPU.ActiveCfg = Release|Any CPU
		{5362F19C-26DC-4C0D-80F4-52FD497F7659}.Release|Any CPU.Build.0 = Release|Any CPU
		{249044B8-8104-49AC-BD4A-E4902D0FE3F2}.Debug|Any CPU.ActiveCfg = Debug|Any CPU
		{249044B8-8104-49AC-BD4A-E4902D0FE3F2}.Debug|Any CPU.Build.0 = Debug|Any CPU
		{249044B8-8104-49AC-BD4A-E4902D0FE3F2}.Release|Any CPU.ActiveCfg = Release|Any CPU
		{249044B8-8104-49AC-BD4A-E4902D0FE3F2}.Release|Any CPU.Build.0 = Release|Any CPU
	EndGlobalSection
	GlobalSection(SolutionProperties) = preSolution
		HideSolutionNode = FALSE
	EndGlobalSection
	GlobalSection(NestedProjects) = preSolution
		{047DFCBD-711B-4091-AB57-A38748AFB21F} = {A5BB8BAA-682D-4A25-B92E-9DE6407145EF}
		{C723660F-75B0-42FA-9A5C-FDDD64F5CC29} = {A5BB8BAA-682D-4A25-B92E-9DE6407145EF}
		{D9098028-AEAA-4D69-AAC6-663D7773F794} = {A3F13739-99C3-415E-8938-5295B0215411}
		{69544356-0824-4947-AA97-4820F35C3849} = {048B982B-5DB9-4D60-A635-39C40EE2249E}
		{D90DDFB3-5F51-4F8C-94E3-759CA1BE385C} = {B4AE0883-B356-4249-9371-A690EB48946A}
		{AD65EE50-4BE2-4AA1-8064-B4D0A3259887} = {D90DDFB3-5F51-4F8C-94E3-759CA1BE385C}
		{72CF6535-4B6D-4EB6-B176-ABFB86FA0A8F} = {B4AE0883-B356-4249-9371-A690EB48946A}
		{B0FEDCAB-5DC0-4338-80BE-883A513C511A} = {72CF6535-4B6D-4EB6-B176-ABFB86FA0A8F}
		{7E0E3150-1DC6-4704-8F65-364CF62FA67E} = {5EEBE934-6D1E-4BC7-B78E-61B56E467A72}
		{2C1B2D48-8206-4238-A918-B24D9A842875} = {5EEBE934-6D1E-4BC7-B78E-61B56E467A72}
		{6EE59117-729B-4EDF-A41E-CA31A02F9609} = {2C1B2D48-8206-4238-A918-B24D9A842875}
		{A8CF226D-EDB5-4A42-A888-749FE1748759} = {5EEBE934-6D1E-4BC7-B78E-61B56E467A72}
		{0311638F-CBC6-4363-B398-D5534F59FD81} = {A8CF226D-EDB5-4A42-A888-749FE1748759}
		{150A2941-6E85-422F-B093-E0F00E315843} = {5EEBE934-6D1E-4BC7-B78E-61B56E467A72}
		{5EE659E2-9B9F-453F-8690-7244D6781155} = {150A2941-6E85-422F-B093-E0F00E315843}
		{5362F19C-26DC-4C0D-80F4-52FD497F7659} = {7E0E3150-1DC6-4704-8F65-364CF62FA67E}
		{249044B8-8104-49AC-BD4A-E4902D0FE3F2} = {A3F13739-99C3-415E-8938-5295B0215411}
	EndGlobalSection
	GlobalSection(ExtensibilityGlobals) = postSolution
		SolutionGuid = {A23F51CB-A621-4D67-85CB-E04D0075A4FA}
	EndGlobalSection
EndGlobal
